// !$*UTF8*$!
{
	archiveVersion = 1;
	classes = {
	};
	objectVersion = 56;
	objects = {

/* Begin PBXBuildFile section */
		4E46ED522B3D926500B48E35 /* CashFlowJournalApp.swift in Sources */ = {isa = PBXBuildFile; fileRef = 4E46ED512B3D926500B48E35 /* CashFlowJournalApp.swift */; };
		4E46ED562B3D926700B48E35 /* Assets.xcassets in Resources */ = {isa = PBXBuildFile; fileRef = 4E46ED552B3D926700B48E35 /* Assets.xcassets */; };
		4E46ED592B3D926700B48E35 /* Preview Assets.xcassets in Resources */ = {isa = PBXBuildFile; fileRef = 4E46ED582B3D926700B48E35 /* Preview Assets.xcassets */; };
		4E65319A2B3D985000FF4811 /* UserDefaults.swift in Sources */ = {isa = PBXBuildFile; fileRef = 4E6531992B3D985000FF4811 /* UserDefaults.swift */; };
		4E65319C2B3D997C00FF4811 /* RegistrationView.swift in Sources */ = {isa = PBXBuildFile; fileRef = 4E65319B2B3D997C00FF4811 /* RegistrationView.swift */; };
		4E65319E2B3D99BF00FF4811 /* SplashView.swift in Sources */ = {isa = PBXBuildFile; fileRef = 4E65319D2B3D99BF00FF4811 /* SplashView.swift */; };
		4E6531A22B3D9CA700FF4811 /* ColorExtensions.swift in Sources */ = {isa = PBXBuildFile; fileRef = 4E6531A12B3D9CA700FF4811 /* ColorExtensions.swift */; };
		4E6531B72B3DB62400FF4811 /* urbanist-bold.ttf in Resources */ = {isa = PBXBuildFile; fileRef = 4E6531AB2B3DB62400FF4811 /* urbanist-bold.ttf */; };
		4E6531B82B3DB62400FF4811 /* urbanist-regular.ttf in Resources */ = {isa = PBXBuildFile; fileRef = 4E6531AC2B3DB62400FF4811 /* urbanist-regular.ttf */; };
		4E6531B92B3DB62400FF4811 /* UrbanistFontModifier.swift in Sources */ = {isa = PBXBuildFile; fileRef = 4E6531AD2B3DB62400FF4811 /* UrbanistFontModifier.swift */; };
		4E6531BA2B3DB62400FF4811 /* urbanist-thin.ttf in Resources */ = {isa = PBXBuildFile; fileRef = 4E6531AE2B3DB62400FF4811 /* urbanist-thin.ttf */; };
		4E6531BB2B3DB62400FF4811 /* UrbanistExtraBold.ttf in Resources */ = {isa = PBXBuildFile; fileRef = 4E6531AF2B3DB62400FF4811 /* UrbanistExtraBold.ttf */; };
		4E6531BC2B3DB62400FF4811 /* Urbanist-SemiBold.ttf in Resources */ = {isa = PBXBuildFile; fileRef = 4E6531B02B3DB62400FF4811 /* Urbanist-SemiBold.ttf */; };
		4E6531BD2B3DB62400FF4811 /* urbanist-italic.ttf in Resources */ = {isa = PBXBuildFile; fileRef = 4E6531B12B3DB62400FF4811 /* urbanist-italic.ttf */; };
		4E6531BE2B3DB62400FF4811 /* urbanist-black.ttf in Resources */ = {isa = PBXBuildFile; fileRef = 4E6531B22B3DB62400FF4811 /* urbanist-black.ttf */; };
		4E6531BF2B3DB62400FF4811 /* urbanist-light.ttf in Resources */ = {isa = PBXBuildFile; fileRef = 4E6531B32B3DB62400FF4811 /* urbanist-light.ttf */; };
		4E6531C02B3DB62400FF4811 /* urbanist-medium.ttf in Resources */ = {isa = PBXBuildFile; fileRef = 4E6531B42B3DB62400FF4811 /* urbanist-medium.ttf */; };
		4E6531C12B3DB62400FF4811 /* urbanist-extra-light.ttf in Resources */ = {isa = PBXBuildFile; fileRef = 4E6531B52B3DB62400FF4811 /* urbanist-extra-light.ttf */; };
		4E6531C22B3DB62400FF4811 /* urbanist-semi.ttf in Resources */ = {isa = PBXBuildFile; fileRef = 4E6531B62B3DB62400FF4811 /* urbanist-semi.ttf */; };
		4E6531C72B3DBB1100FF4811 /* Localizable.xcstrings in Resources */ = {isa = PBXBuildFile; fileRef = 4E6531C62B3DBB1100FF4811 /* Localizable.xcstrings */; };
		4E6531CA2B3DBCD000FF4811 /* OnboardingView.swift in Sources */ = {isa = PBXBuildFile; fileRef = 4E6531C92B3DBCD000FF4811 /* OnboardingView.swift */; };
		4E6531D02B3DC4C900FF4811 /* OnboardingAccountView.swift in Sources */ = {isa = PBXBuildFile; fileRef = 4E6531CF2B3DC4C900FF4811 /* OnboardingAccountView.swift */; };
		4E6531D22B3DC61900FF4811 /* OnboardingBalanceView.swift in Sources */ = {isa = PBXBuildFile; fileRef = 4E6531D12B3DC61900FF4811 /* OnboardingBalanceView.swift */; };
		4EBED46D2B3ED0E100B11BFC /* AppTextFieldStyle.swift in Sources */ = {isa = PBXBuildFile; fileRef = 4EBED46C2B3ED0E100B11BFC /* AppTextFieldStyle.swift */; };
/* End PBXBuildFile section */

/* Begin PBXFileReference section */
		4E46ED4E2B3D926500B48E35 /* CashFlowJournal.app */ = {isa = PBXFileReference; explicitFileType = wrapper.application; includeInIndex = 0; path = CashFlowJournal.app; sourceTree = BUILT_PRODUCTS_DIR; };
		4E46ED512B3D926500B48E35 /* CashFlowJournalApp.swift */ = {isa = PBXFileReference; lastKnownFileType = sourcecode.swift; path = CashFlowJournalApp.swift; sourceTree = "<group>"; };
		4E46ED552B3D926700B48E35 /* Assets.xcassets */ = {isa = PBXFileReference; lastKnownFileType = folder.assetcatalog; path = Assets.xcassets; sourceTree = "<group>"; };
		4E46ED582B3D926700B48E35 /* Preview Assets.xcassets */ = {isa = PBXFileReference; lastKnownFileType = folder.assetcatalog; path = "Preview Assets.xcassets"; sourceTree = "<group>"; };
		4E6531992B3D985000FF4811 /* UserDefaults.swift */ = {isa = PBXFileReference; lastKnownFileType = sourcecode.swift; path = UserDefaults.swift; sourceTree = "<group>"; };
		4E65319B2B3D997C00FF4811 /* RegistrationView.swift */ = {isa = PBXFileReference; lastKnownFileType = sourcecode.swift; path = RegistrationView.swift; sourceTree = "<group>"; };
		4E65319D2B3D99BF00FF4811 /* SplashView.swift */ = {isa = PBXFileReference; lastKnownFileType = sourcecode.swift; path = SplashView.swift; sourceTree = "<group>"; };
		4E6531A12B3D9CA700FF4811 /* ColorExtensions.swift */ = {isa = PBXFileReference; lastKnownFileType = sourcecode.swift; path = ColorExtensions.swift; sourceTree = "<group>"; };
		4E6531AB2B3DB62400FF4811 /* urbanist-bold.ttf */ = {isa = PBXFileReference; lastKnownFileType = file; path = "urbanist-bold.ttf"; sourceTree = "<group>"; };
		4E6531AC2B3DB62400FF4811 /* urbanist-regular.ttf */ = {isa = PBXFileReference; lastKnownFileType = file; path = "urbanist-regular.ttf"; sourceTree = "<group>"; };
		4E6531AD2B3DB62400FF4811 /* UrbanistFontModifier.swift */ = {isa = PBXFileReference; fileEncoding = 4; lastKnownFileType = sourcecode.swift; path = UrbanistFontModifier.swift; sourceTree = "<group>"; };
		4E6531AE2B3DB62400FF4811 /* urbanist-thin.ttf */ = {isa = PBXFileReference; lastKnownFileType = file; path = "urbanist-thin.ttf"; sourceTree = "<group>"; };
		4E6531AF2B3DB62400FF4811 /* UrbanistExtraBold.ttf */ = {isa = PBXFileReference; lastKnownFileType = file; path = UrbanistExtraBold.ttf; sourceTree = "<group>"; };
		4E6531B02B3DB62400FF4811 /* Urbanist-SemiBold.ttf */ = {isa = PBXFileReference; lastKnownFileType = file; path = "Urbanist-SemiBold.ttf"; sourceTree = "<group>"; };
		4E6531B12B3DB62400FF4811 /* urbanist-italic.ttf */ = {isa = PBXFileReference; lastKnownFileType = file; path = "urbanist-italic.ttf"; sourceTree = "<group>"; };
		4E6531B22B3DB62400FF4811 /* urbanist-black.ttf */ = {isa = PBXFileReference; lastKnownFileType = file; path = "urbanist-black.ttf"; sourceTree = "<group>"; };
		4E6531B32B3DB62400FF4811 /* urbanist-light.ttf */ = {isa = PBXFileReference; lastKnownFileType = file; path = "urbanist-light.ttf"; sourceTree = "<group>"; };
		4E6531B42B3DB62400FF4811 /* urbanist-medium.ttf */ = {isa = PBXFileReference; lastKnownFileType = file; path = "urbanist-medium.ttf"; sourceTree = "<group>"; };
		4E6531B52B3DB62400FF4811 /* urbanist-extra-light.ttf */ = {isa = PBXFileReference; lastKnownFileType = file; path = "urbanist-extra-light.ttf"; sourceTree = "<group>"; };
		4E6531B62B3DB62400FF4811 /* urbanist-semi.ttf */ = {isa = PBXFileReference; lastKnownFileType = file; path = "urbanist-semi.ttf"; sourceTree = "<group>"; };
		4E6531C52B3DB78F00FF4811 /* Info.plist */ = {isa = PBXFileReference; lastKnownFileType = text.plist; path = Info.plist; sourceTree = "<group>"; };
		4E6531C62B3DBB1100FF4811 /* Localizable.xcstrings */ = {isa = PBXFileReference; lastKnownFileType = text.json.xcstrings; path = Localizable.xcstrings; sourceTree = "<group>"; };
		4E6531C92B3DBCD000FF4811 /* OnboardingView.swift */ = {isa = PBXFileReference; lastKnownFileType = sourcecode.swift; path = OnboardingView.swift; sourceTree = "<group>"; };
		4E6531CF2B3DC4C900FF4811 /* OnboardingAccountView.swift */ = {isa = PBXFileReference; lastKnownFileType = sourcecode.swift; path = OnboardingAccountView.swift; sourceTree = "<group>"; };
		4E6531D12B3DC61900FF4811 /* OnboardingBalanceView.swift */ = {isa = PBXFileReference; lastKnownFileType = sourcecode.swift; path = OnboardingBalanceView.swift; sourceTree = "<group>"; };
		4EBED46C2B3ED0E100B11BFC /* AppTextFieldStyle.swift */ = {isa = PBXFileReference; lastKnownFileType = sourcecode.swift; path = AppTextFieldStyle.swift; sourceTree = "<group>"; };
/* End PBXFileReference section */

/* Begin PBXFrameworksBuildPhase section */
		4E46ED4B2B3D926500B48E35 /* Frameworks */ = {
			isa = PBXFrameworksBuildPhase;
			buildActionMask = 2147483647;
			files = (
			);
			runOnlyForDeploymentPostprocessing = 0;
		};
/* End PBXFrameworksBuildPhase section */

/* Begin PBXGroup section */
		4E46ED452B3D926500B48E35 = {
			isa = PBXGroup;
			children = (
				4E46ED502B3D926500B48E35 /* CashFlowJournal */,
				4E46ED4F2B3D926500B48E35 /* Products */,
			);
			sourceTree = "<group>";
		};
		4E46ED4F2B3D926500B48E35 /* Products */ = {
			isa = PBXGroup;
			children = (
				4E46ED4E2B3D926500B48E35 /* CashFlowJournal.app */,
			);
			name = Products;
			sourceTree = "<group>";
		};
		4E46ED502B3D926500B48E35 /* CashFlowJournal */ = {
			isa = PBXGroup;
			children = (
				4EBED4702B3ED3A300B11BFC /* Modifiers */,
				4EBED46F2B3ED38A00B11BFC /* Screens */,
				4EBED46E2B3ED38300B11BFC /* Models */,
				4E6531C52B3DB78F00FF4811 /* Info.plist */,
				4E6531AA2B3DB62400FF4811 /* Font */,
				4E6531A32B3DB34000FF4811 /* Extensions */,
				4E46ED512B3D926500B48E35 /* CashFlowJournalApp.swift */,
				4E46ED552B3D926700B48E35 /* Assets.xcassets */,
				4E46ED572B3D926700B48E35 /* Preview Content */,
				4E6531C62B3DBB1100FF4811 /* Localizable.xcstrings */,
			);
			path = CashFlowJournal;
			sourceTree = "<group>";
		};
		4E46ED572B3D926700B48E35 /* Preview Content */ = {
			isa = PBXGroup;
			children = (
				4E46ED582B3D926700B48E35 /* Preview Assets.xcassets */,
			);
			path = "Preview Content";
			sourceTree = "<group>";
		};
		4E6531A32B3DB34000FF4811 /* Extensions */ = {
			isa = PBXGroup;
			children = (
				4E6531992B3D985000FF4811 /* UserDefaults.swift */,
				4E6531A12B3D9CA700FF4811 /* ColorExtensions.swift */,
			);
			path = Extensions;
			sourceTree = "<group>";
		};
		4E6531A42B3DB35300FF4811 /* Registration */ = {
			isa = PBXGroup;
			children = (
				4E65319B2B3D997C00FF4811 /* RegistrationView.swift */,
			);
			path = Registration;
			sourceTree = "<group>";
		};
		4E6531AA2B3DB62400FF4811 /* Font */ = {
			isa = PBXGroup;
			children = (
				4E6531AB2B3DB62400FF4811 /* urbanist-bold.ttf */,
				4E6531AC2B3DB62400FF4811 /* urbanist-regular.ttf */,
				4E6531AE2B3DB62400FF4811 /* urbanist-thin.ttf */,
				4E6531AF2B3DB62400FF4811 /* UrbanistExtraBold.ttf */,
				4E6531B02B3DB62400FF4811 /* Urbanist-SemiBold.ttf */,
				4E6531B12B3DB62400FF4811 /* urbanist-italic.ttf */,
				4E6531B22B3DB62400FF4811 /* urbanist-black.ttf */,
				4E6531B32B3DB62400FF4811 /* urbanist-light.ttf */,
				4E6531B42B3DB62400FF4811 /* urbanist-medium.ttf */,
				4E6531B52B3DB62400FF4811 /* urbanist-extra-light.ttf */,
				4E6531B62B3DB62400FF4811 /* urbanist-semi.ttf */,
			);
			path = Font;
			sourceTree = "<group>";
		};
		4E6531C82B3DBCC300FF4811 /* Onboarding */ = {
			isa = PBXGroup;
			children = (
				4E6531C92B3DBCD000FF4811 /* OnboardingView.swift */,
				4E6531CF2B3DC4C900FF4811 /* OnboardingAccountView.swift */,
				4E6531D12B3DC61900FF4811 /* OnboardingBalanceView.swift */,
			);
			path = Onboarding;
			sourceTree = "<group>";
		};
		4EBED46E2B3ED38300B11BFC /* Models */ = {
			isa = PBXGroup;
			children = (
			);
			path = Models;
			sourceTree = "<group>";
		};
		4EBED46F2B3ED38A00B11BFC /* Screens */ = {
			isa = PBXGroup;
			children = (
				4E65319D2B3D99BF00FF4811 /* SplashView.swift */,
				4E6531A42B3DB35300FF4811 /* Registration */,
				4E6531C82B3DBCC300FF4811 /* Onboarding */,
			);
			path = Screens;
			sourceTree = "<group>";
		};
		4EBED4702B3ED3A300B11BFC /* Modifiers */ = {
			isa = PBXGroup;
			children = (
				4E6531AD2B3DB62400FF4811 /* UrbanistFontModifier.swift */,
				4EBED46C2B3ED0E100B11BFC /* AppTextFieldStyle.swift */,
			);
			path = Modifiers;
			sourceTree = "<group>";
		};
/* End PBXGroup section */

/* Begin PBXNativeTarget section */
		4E46ED4D2B3D926500B48E35 /* CashFlowJournal */ = {
			isa = PBXNativeTarget;
			buildConfigurationList = 4E46ED5C2B3D926700B48E35 /* Build configuration list for PBXNativeTarget "CashFlowJournal" */;
			buildPhases = (
				4E46ED4A2B3D926500B48E35 /* Sources */,
				4E46ED4B2B3D926500B48E35 /* Frameworks */,
				4E46ED4C2B3D926500B48E35 /* Resources */,
			);
			buildRules = (
			);
			dependencies = (
			);
			name = CashFlowJournal;
			productName = CashFlowJournal;
			productReference = 4E46ED4E2B3D926500B48E35 /* CashFlowJournal.app */;
			productType = "com.apple.product-type.application";
		};
/* End PBXNativeTarget section */

/* Begin PBXProject section */
		4E46ED462B3D926500B48E35 /* Project object */ = {
			isa = PBXProject;
			attributes = {
				BuildIndependentTargetsInParallel = 1;
				LastSwiftUpdateCheck = 1510;
				LastUpgradeCheck = 1510;
				TargetAttributes = {
					4E46ED4D2B3D926500B48E35 = {
						CreatedOnToolsVersion = 15.1;
					};
				};
			};
			buildConfigurationList = 4E46ED492B3D926500B48E35 /* Build configuration list for PBXProject "CashFlowJournal" */;
			compatibilityVersion = "Xcode 14.0";
			developmentRegion = en;
			hasScannedForEncodings = 0;
			knownRegions = (
				en,
				Base,
			);
			mainGroup = 4E46ED452B3D926500B48E35;
			productRefGroup = 4E46ED4F2B3D926500B48E35 /* Products */;
			projectDirPath = "";
			projectRoot = "";
			targets = (
				4E46ED4D2B3D926500B48E35 /* CashFlowJournal */,
			);
		};
/* End PBXProject section */

/* Begin PBXResourcesBuildPhase section */
		4E46ED4C2B3D926500B48E35 /* Resources */ = {
			isa = PBXResourcesBuildPhase;
			buildActionMask = 2147483647;
			files = (
				4E46ED592B3D926700B48E35 /* Preview Assets.xcassets in Resources */,
				4E6531B72B3DB62400FF4811 /* urbanist-bold.ttf in Resources */,
				4E6531BE2B3DB62400FF4811 /* urbanist-black.ttf in Resources */,
				4E6531BF2B3DB62400FF4811 /* urbanist-light.ttf in Resources */,
				4E6531BD2B3DB62400FF4811 /* urbanist-italic.ttf in Resources */,
				4E46ED562B3D926700B48E35 /* Assets.xcassets in Resources */,
				4E6531BC2B3DB62400FF4811 /* Urbanist-SemiBold.ttf in Resources */,
				4E6531C02B3DB62400FF4811 /* urbanist-medium.ttf in Resources */,
				4E6531B82B3DB62400FF4811 /* urbanist-regular.ttf in Resources */,
				4E6531BB2B3DB62400FF4811 /* UrbanistExtraBold.ttf in Resources */,
				4E6531C12B3DB62400FF4811 /* urbanist-extra-light.ttf in Resources */,
				4E6531C22B3DB62400FF4811 /* urbanist-semi.ttf in Resources */,
				4E6531C72B3DBB1100FF4811 /* Localizable.xcstrings in Resources */,
				4E6531BA2B3DB62400FF4811 /* urbanist-thin.ttf in Resources */,
			);
			runOnlyForDeploymentPostprocessing = 0;
		};
/* End PBXResourcesBuildPhase section */

/* Begin PBXSourcesBuildPhase section */
		4E46ED4A2B3D926500B48E35 /* Sources */ = {
			isa = PBXSourcesBuildPhase;
			buildActionMask = 2147483647;
			files = (
				4E46ED522B3D926500B48E35 /* CashFlowJournalApp.swift in Sources */,
				4E6531B92B3DB62400FF4811 /* UrbanistFontModifier.swift in Sources */,
				4EBED46D2B3ED0E100B11BFC /* AppTextFieldStyle.swift in Sources */,
				4E65319E2B3D99BF00FF4811 /* SplashView.swift in Sources */,
				4E65319A2B3D985000FF4811 /* UserDefaults.swift in Sources */,
				4E6531CA2B3DBCD000FF4811 /* OnboardingView.swift in Sources */,
				4E6531D22B3DC61900FF4811 /* OnboardingBalanceView.swift in Sources */,
				4E65319C2B3D997C00FF4811 /* RegistrationView.swift in Sources */,
				4E6531A22B3D9CA700FF4811 /* ColorExtensions.swift in Sources */,
				4E6531D02B3DC4C900FF4811 /* OnboardingAccountView.swift in Sources */,
			);
			runOnlyForDeploymentPostprocessing = 0;
		};
/* End PBXSourcesBuildPhase section */

/* Begin XCBuildConfiguration section */
		4E46ED5A2B3D926700B48E35 /* Debug */ = {
			isa = XCBuildConfiguration;
			buildSettings = {
				ALWAYS_SEARCH_USER_PATHS = NO;
				ASSETCATALOG_COMPILER_GENERATE_SWIFT_ASSET_SYMBOL_EXTENSIONS = YES;
				CLANG_ANALYZER_NONNULL = YES;
				CLANG_ANALYZER_NUMBER_OBJECT_CONVERSION = YES_AGGRESSIVE;
				CLANG_CXX_LANGUAGE_STANDARD = "gnu++20";
				CLANG_ENABLE_MODULES = YES;
				CLANG_ENABLE_OBJC_ARC = YES;
				CLANG_ENABLE_OBJC_WEAK = YES;
				CLANG_WARN_BLOCK_CAPTURE_AUTORELEASING = YES;
				CLANG_WARN_BOOL_CONVERSION = YES;
				CLANG_WARN_COMMA = YES;
				CLANG_WARN_CONSTANT_CONVERSION = YES;
				CLANG_WARN_DEPRECATED_OBJC_IMPLEMENTATIONS = YES;
				CLANG_WARN_DIRECT_OBJC_ISA_USAGE = YES_ERROR;
				CLANG_WARN_DOCUMENTATION_COMMENTS = YES;
				CLANG_WARN_EMPTY_BODY = YES;
				CLANG_WARN_ENUM_CONVERSION = YES;
				CLANG_WARN_INFINITE_RECURSION = YES;
				CLANG_WARN_INT_CONVERSION = YES;
				CLANG_WARN_NON_LITERAL_NULL_CONVERSION = YES;
				CLANG_WARN_OBJC_IMPLICIT_RETAIN_SELF = YES;
				CLANG_WARN_OBJC_LITERAL_CONVERSION = YES;
				CLANG_WARN_OBJC_ROOT_CLASS = YES_ERROR;
				CLANG_WARN_QUOTED_INCLUDE_IN_FRAMEWORK_HEADER = YES;
				CLANG_WARN_RANGE_LOOP_ANALYSIS = YES;
				CLANG_WARN_STRICT_PROTOTYPES = YES;
				CLANG_WARN_SUSPICIOUS_MOVE = YES;
				CLANG_WARN_UNGUARDED_AVAILABILITY = YES_AGGRESSIVE;
				CLANG_WARN_UNREACHABLE_CODE = YES;
				CLANG_WARN__DUPLICATE_METHOD_MATCH = YES;
				COPY_PHASE_STRIP = NO;
				DEBUG_INFORMATION_FORMAT = dwarf;
				ENABLE_STRICT_OBJC_MSGSEND = YES;
				ENABLE_TESTABILITY = YES;
				ENABLE_USER_SCRIPT_SANDBOXING = YES;
				GCC_C_LANGUAGE_STANDARD = gnu17;
				GCC_DYNAMIC_NO_PIC = NO;
				GCC_NO_COMMON_BLOCKS = YES;
				GCC_OPTIMIZATION_LEVEL = 0;
				GCC_PREPROCESSOR_DEFINITIONS = (
					"DEBUG=1",
					"$(inherited)",
				);
				GCC_WARN_64_TO_32_BIT_CONVERSION = YES;
				GCC_WARN_ABOUT_RETURN_TYPE = YES_ERROR;
				GCC_WARN_UNDECLARED_SELECTOR = YES;
				GCC_WARN_UNINITIALIZED_AUTOS = YES_AGGRESSIVE;
				GCC_WARN_UNUSED_FUNCTION = YES;
				GCC_WARN_UNUSED_VARIABLE = YES;
				IPHONEOS_DEPLOYMENT_TARGET = 17.0;
				LOCALIZATION_PREFERS_STRING_CATALOGS = YES;
				MTL_ENABLE_DEBUG_INFO = INCLUDE_SOURCE;
				MTL_FAST_MATH = YES;
				ONLY_ACTIVE_ARCH = YES;
				SDKROOT = iphoneos;
				SWIFT_ACTIVE_COMPILATION_CONDITIONS = "DEBUG $(inherited)";
				SWIFT_OPTIMIZATION_LEVEL = "-Onone";
			};
			name = Debug;
		};
		4E46ED5B2B3D926700B48E35 /* Release */ = {
			isa = XCBuildConfiguration;
			buildSettings = {
				ALWAYS_SEARCH_USER_PATHS = NO;
				ASSETCATALOG_COMPILER_GENERATE_SWIFT_ASSET_SYMBOL_EXTENSIONS = YES;
				CLANG_ANALYZER_NONNULL = YES;
				CLANG_ANALYZER_NUMBER_OBJECT_CONVERSION = YES_AGGRESSIVE;
				CLANG_CXX_LANGUAGE_STANDARD = "gnu++20";
				CLANG_ENABLE_MODULES = YES;
				CLANG_ENABLE_OBJC_ARC = YES;
				CLANG_ENABLE_OBJC_WEAK = YES;
				CLANG_WARN_BLOCK_CAPTURE_AUTORELEASING = YES;
				CLANG_WARN_BOOL_CONVERSION = YES;
				CLANG_WARN_COMMA = YES;
				CLANG_WARN_CONSTANT_CONVERSION = YES;
				CLANG_WARN_DEPRECATED_OBJC_IMPLEMENTATIONS = YES;
				CLANG_WARN_DIRECT_OBJC_ISA_USAGE = YES_ERROR;
				CLANG_WARN_DOCUMENTATION_COMMENTS = YES;
				CLANG_WARN_EMPTY_BODY = YES;
				CLANG_WARN_ENUM_CONVERSION = YES;
				CLANG_WARN_INFINITE_RECURSION = YES;
				CLANG_WARN_INT_CONVERSION = YES;
				CLANG_WARN_NON_LITERAL_NULL_CONVERSION = YES;
				CLANG_WARN_OBJC_IMPLICIT_RETAIN_SELF = YES;
				CLANG_WARN_OBJC_LITERAL_CONVERSION = YES;
				CLANG_WARN_OBJC_ROOT_CLASS = YES_ERROR;
				CLANG_WARN_QUOTED_INCLUDE_IN_FRAMEWORK_HEADER = YES;
				CLANG_WARN_RANGE_LOOP_ANALYSIS = YES;
				CLANG_WARN_STRICT_PROTOTYPES = YES;
				CLANG_WARN_SUSPICIOUS_MOVE = YES;
				CLANG_WARN_UNGUARDED_AVAILABILITY = YES_AGGRESSIVE;
				CLANG_WARN_UNREACHABLE_CODE = YES;
				CLANG_WARN__DUPLICATE_METHOD_MATCH = YES;
				COPY_PHASE_STRIP = NO;
				DEBUG_INFORMATION_FORMAT = "dwarf-with-dsym";
				ENABLE_NS_ASSERTIONS = NO;
				ENABLE_STRICT_OBJC_MSGSEND = YES;
				ENABLE_USER_SCRIPT_SANDBOXING = YES;
				GCC_C_LANGUAGE_STANDARD = gnu17;
				GCC_NO_COMMON_BLOCKS = YES;
				GCC_WARN_64_TO_32_BIT_CONVERSION = YES;
				GCC_WARN_ABOUT_RETURN_TYPE = YES_ERROR;
				GCC_WARN_UNDECLARED_SELECTOR = YES;
				GCC_WARN_UNINITIALIZED_AUTOS = YES_AGGRESSIVE;
				GCC_WARN_UNUSED_FUNCTION = YES;
				GCC_WARN_UNUSED_VARIABLE = YES;
				IPHONEOS_DEPLOYMENT_TARGET = 17.0;
				LOCALIZATION_PREFERS_STRING_CATALOGS = YES;
				MTL_ENABLE_DEBUG_INFO = NO;
				MTL_FAST_MATH = YES;
				SDKROOT = iphoneos;
				SWIFT_COMPILATION_MODE = wholemodule;
				VALIDATE_PRODUCT = YES;
			};
			name = Release;
		};
		4E46ED5D2B3D926700B48E35 /* Debug */ = {
			isa = XCBuildConfiguration;
			buildSettings = {
				ASSETCATALOG_COMPILER_APPICON_NAME = AppIcon;
				ASSETCATALOG_COMPILER_GLOBAL_ACCENT_COLOR_NAME = AccentColor;
				CODE_SIGN_STYLE = Automatic;
				CURRENT_PROJECT_VERSION = 1;
				DEVELOPMENT_ASSET_PATHS = "\"CashFlowJournal/Preview Content\"";
				DEVELOPMENT_TEAM = VS92K7TNUA;
				ENABLE_PREVIEWS = YES;
				GENERATE_INFOPLIST_FILE = YES;
				INFOPLIST_FILE = CashFlowJournal/Info.plist;
				INFOPLIST_KEY_UIApplicationSceneManifest_Generation = YES;
				INFOPLIST_KEY_UIApplicationSupportsIndirectInputEvents = YES;
				INFOPLIST_KEY_UILaunchScreen_Generation = YES;
				INFOPLIST_KEY_UISupportedInterfaceOrientations_iPad = "UIInterfaceOrientationPortrait UIInterfaceOrientationPortraitUpsideDown UIInterfaceOrientationLandscapeLeft UIInterfaceOrientationLandscapeRight";
				INFOPLIST_KEY_UISupportedInterfaceOrientations_iPhone = "UIInterfaceOrientationPortrait UIInterfaceOrientationLandscapeLeft UIInterfaceOrientationLandscapeRight";
				LD_RUNPATH_SEARCH_PATHS = (
					"$(inherited)",
					"@executable_path/Frameworks",
				);
				MARKETING_VERSION = 1.0;
				PRODUCT_BUNDLE_IDENTIFIER = xyz.wckd1.CashFlowJournal;
				PRODUCT_NAME = "$(TARGET_NAME)";
				SWIFT_EMIT_LOC_STRINGS = YES;
				SWIFT_VERSION = 5.0;
				TARGETED_DEVICE_FAMILY = "1,2";
			};
			name = Debug;
		};
		4E46ED5E2B3D926700B48E35 /* Release */ = {
			isa = XCBuildConfiguration;
			buildSettings = {
				ASSETCATALOG_COMPILER_APPICON_NAME = AppIcon;
				ASSETCATALOG_COMPILER_GLOBAL_ACCENT_COLOR_NAME = AccentColor;
				CODE_SIGN_STYLE = Automatic;
				CURRENT_PROJECT_VERSION = 1;
				DEVELOPMENT_ASSET_PATHS = "\"CashFlowJournal/Preview Content\"";
				DEVELOPMENT_TEAM = VS92K7TNUA;
				ENABLE_PREVIEWS = YES;
				GENERATE_INFOPLIST_FILE = YES;
				INFOPLIST_FILE = CashFlowJournal/Info.plist;
				INFOPLIST_KEY_UIApplicationSceneManifest_Generation = YES;
				INFOPLIST_KEY_UIApplicationSupportsIndirectInputEvents = YES;
				INFOPLIST_KEY_UILaunchScreen_Generation = YES;
				INFOPLIST_KEY_UISupportedInterfaceOrientations_iPad = "UIInterfaceOrientationPortrait UIInterfaceOrientationPortraitUpsideDown UIInterfaceOrientationLandscapeLeft UIInterfaceOrientationLandscapeRight";
				INFOPLIST_KEY_UISupportedInterfaceOrientations_iPhone = "UIInterfaceOrientationPortrait UIInterfaceOrientationLandscapeLeft UIInterfaceOrientationLandscapeRight";
				LD_RUNPATH_SEARCH_PATHS = (
					"$(inherited)",
					"@executable_path/Frameworks",
				);
				MARKETING_VERSION = 1.0;
				PRODUCT_BUNDLE_IDENTIFIER = xyz.wckd1.CashFlowJournal;
				PRODUCT_NAME = "$(TARGET_NAME)";
				SWIFT_EMIT_LOC_STRINGS = YES;
				SWIFT_VERSION = 5.0;
				TARGETED_DEVICE_FAMILY = "1,2";
			};
			name = Release;
		};
/* End XCBuildConfiguration section */

/* Begin XCConfigurationList section */
		4E46ED492B3D926500B48E35 /* Build configuration list for PBXProject "CashFlowJournal" */ = {
			isa = XCConfigurationList;
			buildConfigurations = (
				4E46ED5A2B3D926700B48E35 /* Debug */,
				4E46ED5B2B3D926700B48E35 /* Release */,
			);
			defaultConfigurationIsVisible = 0;
			defaultConfigurationName = Release;
		};
		4E46ED5C2B3D926700B48E35 /* Build configuration list for PBXNativeTarget "CashFlowJournal" */ = {
			isa = XCConfigurationList;
			buildConfigurations = (
				4E46ED5D2B3D926700B48E35 /* Debug */,
				4E46ED5E2B3D926700B48E35 /* Release */,
			);
			defaultConfigurationIsVisible = 0;
			defaultConfigurationName = Release;
		};
/* End XCConfigurationList section */
	};
	rootObject = 4E46ED462B3D926500B48E35 /* Project object */;
}
